{
  "name": "toolkit",
  "version": "0.0.0",
  "lockfileVersion": 3,
  "requires": true,
  "packages": {
    "": {
      "name": "toolkit",
      "version": "0.0.0",
      "license": "ISC",
      "workspaces": [
        "packages/stylelint-config",
        "packages/prettier-config",
        "packages/eslint-config"
      ]
    },
    "node_modules/@yardinternet/eslint-config": {
      "resolved": "packages/eslint-config",
      "link": true
    },
    "node_modules/@yardinternet/prettier-config": {
      "resolved": "packages/prettier-config",
      "link": true
    },
    "node_modules/@yardinternet/stylelint-config": {
      "resolved": "packages/stylelint-config",
      "link": true
    },
    "packages/eslint-config": {
      "name": "@yardinternet/eslint-config",
      "version": "0.0.0",
      "license": "ISC",
      "devDependencies": {}
    },
    "packages/prettier-config": {
      "name": "@yardinternet/prettier-config",
      "version": "0.0.0",
      "license": "ISC",
      "devDependencies": {}
    },
    "packages/stylelint-config": {
      "name": "@yardinternet/stylelint-config",
      "version": "0.0.0",
      "license": "ISC"
    }
  }
}
